
Microsoft Visual Studio Solution File, Format Version 12.00
# Visual Studio Version 17
VisualStudioVersion = 17.10.35004.147
MinimumVisualStudioVersion = 10.0.40219.1
Project("{8BC9CEB8-8B4A-11D0-8D11-00A0C91BC942}") = "roman_numerals_con", "roman_numerals_con.vcxproj", "{93E4B6BF-5B72-4F7D-A4D3-779A34F7B7F1}"
EndProject
Global
	GlobalSection(SolutionConfigurationPlatforms) = preSolution
		Debug|x64 = Debug|x64
		Debug|x86 = Debug|x86
		Release|x64 = Release|x64
		Release|x86 = Release|x86
	EndGlobalSection
	GlobalSection(ProjectConfigurationPlatforms) = postSolution
		{93E4B6BF-5B72-4F7D-A4D3-779A34F7B7F1}.Debug|x64.ActiveCfg = Debug|x64
		{93E4B6BF-5B72-4F7D-A4D3-779A34F7B7F1}.Debug|x64.Build.0 = Debug|x64
		{93E4B6BF-5B72-4F7D-A4D3-779A34F7B7F1}.Debug|x86.ActiveCfg = Debug|Win32
		{93E4B6BF-5B72-4F7D-A4D3-779A34F7B7F1}.Debug|x86.Build.0 = Debug|Win32
		{93E4B6BF-5B72-4F7D-A4D3-779A34F7B7F1}.Release|x64.ActiveCfg = Release|x64
		{93E4B6BF-5B72-4F7D-A4D3-779A34F7B7F1}.Release|x64.Build.0 = Release|x64
		{93E4B6BF-5B72-4F7D-A4D3-779A34F7B7F1}.Release|x86.ActiveCfg = Release|Win32
		{93E4B6BF-5B72-4F7D-A4D3-779A34F7B7F1}.Release|x86.Build.0 = Release|Win32
	EndGlobalSection
	GlobalSection(SolutionProperties) = preSolution
		HideSolutionNode = FALSE
	EndGlobalSection
	GlobalSection(ExtensibilityGlobals) = postSolution
		SolutionGuid = {09EBE27D-CBC9-45E7-8CB3-E256A6B28865}
	EndGlobalSection
EndGlobal
