
Microsoft Visual Studio Solution File, Format Version 12.00
# Visual Studio Version 17
VisualStudioVersion = 17.10.35004.147
MinimumVisualStudioVersion = 10.0.40219.1
Project("{8BC9CEB8-8B4A-11D0-8D11-00A0C91BC942}") = "hello_world_test", "hello_world_test.vcxproj", "{6DCB38F1-9590-4603-B46E-E3DBEBDF21A0}"
EndProject
Global
	GlobalSection(SolutionConfigurationPlatforms) = preSolution
		Debug|x64 = Debug|x64
		Debug|x86 = Debug|x86
		Release|x64 = Release|x64
		Release|x86 = Release|x86
	EndGlobalSection
	GlobalSection(ProjectConfigurationPlatforms) = postSolution
		{6DCB38F1-9590-4603-B46E-E3DBEBDF21A0}.Debug|x64.ActiveCfg = Debug|x64
		{6DCB38F1-9590-4603-B46E-E3DBEBDF21A0}.Debug|x64.Build.0 = Debug|x64
		{6DCB38F1-9590-4603-B46E-E3DBEBDF21A0}.Debug|x86.ActiveCfg = Debug|Win32
		{6DCB38F1-9590-4603-B46E-E3DBEBDF21A0}.Debug|x86.Build.0 = Debug|Win32
		{6DCB38F1-9590-4603-B46E-E3DBEBDF21A0}.Release|x64.ActiveCfg = Release|x64
		{6DCB38F1-9590-4603-B46E-E3DBEBDF21A0}.Release|x64.Build.0 = Release|x64
		{6DCB38F1-9590-4603-B46E-E3DBEBDF21A0}.Release|x86.ActiveCfg = Release|Win32
		{6DCB38F1-9590-4603-B46E-E3DBEBDF21A0}.Release|x86.Build.0 = Release|Win32
	EndGlobalSection
	GlobalSection(SolutionProperties) = preSolution
		HideSolutionNode = FALSE
	EndGlobalSection
	GlobalSection(ExtensibilityGlobals) = postSolution
		SolutionGuid = {C9713EA3-E1C3-4196-894D-7A747499001A}
	EndGlobalSection
EndGlobal
