
Microsoft Visual Studio Solution File, Format Version 12.00
# Visual Studio Version 17
VisualStudioVersion = 17.10.35004.147
MinimumVisualStudioVersion = 10.0.40219.1
Project("{8BC9CEB8-8B4A-11D0-8D11-00A0C91BC942}") = "enum_eggs", "enum_eggs.vcxproj", "{9C76021E-46A3-425E-80AB-5413F3B1EE1A}"
EndProject
Global
	GlobalSection(SolutionConfigurationPlatforms) = preSolution
		Debug|x64 = Debug|x64
		Debug|x86 = Debug|x86
		Release|x64 = Release|x64
		Release|x86 = Release|x86
	EndGlobalSection
	GlobalSection(ProjectConfigurationPlatforms) = postSolution
		{9C76021E-46A3-425E-80AB-5413F3B1EE1A}.Debug|x64.ActiveCfg = Debug|x64
		{9C76021E-46A3-425E-80AB-5413F3B1EE1A}.Debug|x64.Build.0 = Debug|x64
		{9C76021E-46A3-425E-80AB-5413F3B1EE1A}.Debug|x86.ActiveCfg = Debug|Win32
		{9C76021E-46A3-425E-80AB-5413F3B1EE1A}.Debug|x86.Build.0 = Debug|Win32
		{9C76021E-46A3-425E-80AB-5413F3B1EE1A}.Release|x64.ActiveCfg = Release|x64
		{9C76021E-46A3-425E-80AB-5413F3B1EE1A}.Release|x64.Build.0 = Release|x64
		{9C76021E-46A3-425E-80AB-5413F3B1EE1A}.Release|x86.ActiveCfg = Release|Win32
		{9C76021E-46A3-425E-80AB-5413F3B1EE1A}.Release|x86.Build.0 = Release|Win32
	EndGlobalSection
	GlobalSection(SolutionProperties) = preSolution
		HideSolutionNode = FALSE
	EndGlobalSection
	GlobalSection(ExtensibilityGlobals) = postSolution
		SolutionGuid = {B5CE18EE-7BF9-4A4C-93BD-B220E087EAC4}
	EndGlobalSection
EndGlobal
